// !$*UTF8*$!
{
	archiveVersion = 1;
	classes = {
	};
	objectVersion = 56;
	objects = {

/* Begin PBXBuildFile section */
		B910B13B2B52772700A54EAB /* LoginView.swift in Sources */ = {isa = PBXBuildFile; fileRef = B910B13A2B52772700A54EAB /* LoginView.swift */; };
		B91841D82BBC7888009FC33F /* ExpandableText in Frameworks */ = {isa = PBXBuildFile; productRef = B91841D72BBC7888009FC33F /* ExpandableText */; };
		B91841DA2BBDEEC6009FC33F /* AddCourseReviewSheetView.swift in Sources */ = {isa = PBXBuildFile; fileRef = B91841D92BBDEEC5009FC33F /* AddCourseReviewSheetView.swift */; };
		B91841DC2BBDEF1F009FC33F /* AddCourseReviewViewModel.swift in Sources */ = {isa = PBXBuildFile; fileRef = B91841DB2BBDEF1F009FC33F /* AddCourseReviewViewModel.swift */; };
		B91841E02BC05006009FC33F /* AlertToastManager.swift in Sources */ = {isa = PBXBuildFile; fileRef = B91841DF2BC05006009FC33F /* AlertToastManager.swift */; };
		B91841E62BC1E580009FC33F /* CampusEventContentEditorView.swift in Sources */ = {isa = PBXBuildFile; fileRef = B91841E52BC1E580009FC33F /* CampusEventContentEditorView.swift */; };
		B91841EE2BC3D75E009FC33F /* RichEditorSwiftUI in Frameworks */ = {isa = PBXBuildFile; productRef = B91841ED2BC3D75E009FC33F /* RichEditorSwiftUI */; };
		B91B986B2B6283DC00608766 /* Parser.swift in Sources */ = {isa = PBXBuildFile; fileRef = B91B986A2B6283DC00608766 /* Parser.swift */; };
		B91B986D2B62893000608766 /* UserDefault.swift in Sources */ = {isa = PBXBuildFile; fileRef = B91B986C2B62893000608766 /* UserDefault.swift */; };
		B942D7F02B4E658F00A26DAD /* SwiftSoup in Frameworks */ = {isa = PBXBuildFile; productRef = B942D7EF2B4E658F00A26DAD /* SwiftSoup */; };
		B942D7F22B4E820D00A26DAD /* ConfirmEmailView.swift in Sources */ = {isa = PBXBuildFile; fileRef = B942D7F12B4E820D00A26DAD /* ConfirmEmailView.swift */; };
		B942D7F42B4EE04900A26DAD /* PortalAuth.swift in Sources */ = {isa = PBXBuildFile; fileRef = B942D7F32B4EE04900A26DAD /* PortalAuth.swift */; };
		B942D7F62B4EFFB900A26DAD /* ConfirmEmailViewModel.swift in Sources */ = {isa = PBXBuildFile; fileRef = B942D7F52B4EFFB900A26DAD /* ConfirmEmailViewModel.swift */; };
		B942D7FB2B4FDAF900A26DAD /* AlertToast.swift in Sources */ = {isa = PBXBuildFile; fileRef = B942D7FA2B4FDAF900A26DAD /* AlertToast.swift */; };
		B942D8012B4FE8A600A26DAD /* AlertToast in Frameworks */ = {isa = PBXBuildFile; productRef = B942D8002B4FE8A600A26DAD /* AlertToast */; };
		B942D8052B50182800A26DAD /* HomeView.swift in Sources */ = {isa = PBXBuildFile; fileRef = B942D8042B50182800A26DAD /* HomeView.swift */; };
		B9442C432B7CE654004DCF7D /* AppRootManager.swift in Sources */ = {isa = PBXBuildFile; fileRef = B9442C422B7CE654004DCF7D /* AppRootManager.swift */; };
		B9442C472B7CF1C7004DCF7D /* TranscriptView.swift in Sources */ = {isa = PBXBuildFile; fileRef = B9442C462B7CF1C7004DCF7D /* TranscriptView.swift */; };
		B9442C492B7CF1FF004DCF7D /* TranscriptViewModel.swift in Sources */ = {isa = PBXBuildFile; fileRef = B9442C482B7CF1FF004DCF7D /* TranscriptViewModel.swift */; };
		B9442C4B2B7CF72E004DCF7D /* Transcript.swift in Sources */ = {isa = PBXBuildFile; fileRef = B9442C4A2B7CF72E004DCF7D /* Transcript.swift */; };
		B95B5F472B4BD453001A7070 /* KeychainManager.swift in Sources */ = {isa = PBXBuildFile; fileRef = B95B5F462B4BD453001A7070 /* KeychainManager.swift */; };
		B95B5F4A2B4BD56B001A7070 /* KeychainAccess in Frameworks */ = {isa = PBXBuildFile; productRef = B95B5F492B4BD56B001A7070 /* KeychainAccess */; };
		B95B5F502B4C5ECA001A7070 /* BackgroundAuthView.swift in Sources */ = {isa = PBXBuildFile; fileRef = B95B5F4F2B4C5EC9001A7070 /* BackgroundAuthView.swift */; };
		B95B5F532B4C795A001A7070 /* Alamofire in Frameworks */ = {isa = PBXBuildFile; productRef = B95B5F522B4C795A001A7070 /* Alamofire */; };
		B95B5F562B4C7B6C001A7070 /* PortalScraper.swift in Sources */ = {isa = PBXBuildFile; fileRef = B95B5F552B4C7B6C001A7070 /* PortalScraper.swift */; };
		B95B5F582B4C7CB0001A7070 /* APIService.swift in Sources */ = {isa = PBXBuildFile; fileRef = B95B5F572B4C7CB0001A7070 /* APIService.swift */; };
		B96591882B5547EA00FD1B91 /* CheckUserAuthView.swift in Sources */ = {isa = PBXBuildFile; fileRef = B96591872B5547EA00FD1B91 /* CheckUserAuthView.swift */; };
		B96F74EA2B9752F5002CAF5E /* Generics.swift in Sources */ = {isa = PBXBuildFile; fileRef = B96F74E92B9752F5002CAF5E /* Generics.swift */; };
		B96F74EC2B97B22D002CAF5E /* SettingsView.swift in Sources */ = {isa = PBXBuildFile; fileRef = B96F74EB2B97B22D002CAF5E /* SettingsView.swift */; };
		B96F74EE2B98E3E5002CAF5E /* TimetableView.swift in Sources */ = {isa = PBXBuildFile; fileRef = B96F74ED2B98E3E5002CAF5E /* TimetableView.swift */; };
		B971B74F2B66B05A00C4C72E /* main_service.pb.swift in Sources */ = {isa = PBXBuildFile; fileRef = B971B7492B66B05A00C4C72E /* main_service.pb.swift */; };
		B971B7502B66B05A00C4C72E /* health_check.grpc.swift in Sources */ = {isa = PBXBuildFile; fileRef = B971B74A2B66B05A00C4C72E /* health_check.grpc.swift */; };
		B971B7512B66B05A00C4C72E /* init_service.grpc.swift in Sources */ = {isa = PBXBuildFile; fileRef = B971B74B2B66B05A00C4C72E /* init_service.grpc.swift */; };
		B971B7522B66B05A00C4C72E /* init_service.pb.swift in Sources */ = {isa = PBXBuildFile; fileRef = B971B74C2B66B05A00C4C72E /* init_service.pb.swift */; };
		B971B7532B66B05A00C4C72E /* main_service.grpc.swift in Sources */ = {isa = PBXBuildFile; fileRef = B971B74D2B66B05A00C4C72E /* main_service.grpc.swift */; };
		B971B7542B66B05A00C4C72E /* health_check.pb.swift in Sources */ = {isa = PBXBuildFile; fileRef = B971B74E2B66B05A00C4C72E /* health_check.pb.swift */; };
		B98692162B3C8B1400F0D491 /* Auth in Frameworks */ = {isa = PBXBuildFile; productRef = B98692152B3C8B1400F0D491 /* Auth */; };
		B98DB9282B7149FA0053FEF7 /* MainTabView.swift in Sources */ = {isa = PBXBuildFile; fileRef = B98DB9272B7149FA0053FEF7 /* MainTabView.swift */; };
		B99763B22B56F7A800A439F1 /* UserManager.swift in Sources */ = {isa = PBXBuildFile; fileRef = B99763B12B56F7A800A439F1 /* UserManager.swift */; };
		B99F37C82B8CB3DE0060DE0C /* CookieHandler.swift in Sources */ = {isa = PBXBuildFile; fileRef = B99F37C72B8CB3DE0060DE0C /* CookieHandler.swift */; };
		B99F37CA2B8CC4370060DE0C /* AppDelegate.swift in Sources */ = {isa = PBXBuildFile; fileRef = B99F37C92B8CC4370060DE0C /* AppDelegate.swift */; };
		B99F37CE2B8E408D0060DE0C /* EnrollmentStatusView.swift in Sources */ = {isa = PBXBuildFile; fileRef = B99F37CD2B8E408D0060DE0C /* EnrollmentStatusView.swift */; };
		B99F37D02B8E40A80060DE0C /* EnrollmentStatusViewModel.swift in Sources */ = {isa = PBXBuildFile; fileRef = B99F37CF2B8E40A80060DE0C /* EnrollmentStatusViewModel.swift */; };
		B99F37D22B8E415B0060DE0C /* EnrollmentStatus.swift in Sources */ = {isa = PBXBuildFile; fileRef = B99F37D12B8E415B0060DE0C /* EnrollmentStatus.swift */; };
		B9B0FABD2B2608B500B63C02 /* ManeApp.swift in Sources */ = {isa = PBXBuildFile; fileRef = B9B0FABC2B2608B500B63C02 /* ManeApp.swift */; };
		B9B0FABF2B2608B500B63C02 /* ContentView.swift in Sources */ = {isa = PBXBuildFile; fileRef = B9B0FABE2B2608B500B63C02 /* ContentView.swift */; };
		B9B0FAC12B2608B600B63C02 /* Assets.xcassets in Resources */ = {isa = PBXBuildFile; fileRef = B9B0FAC02B2608B600B63C02 /* Assets.xcassets */; };
		B9B0FAC42B2608B600B63C02 /* Preview Assets.xcassets in Resources */ = {isa = PBXBuildFile; fileRef = B9B0FAC32B2608B600B63C02 /* Preview Assets.xcassets */; };
		B9B0FACE2B2608B600B63C02 /* Mane_HKUTests.swift in Sources */ = {isa = PBXBuildFile; fileRef = B9B0FACD2B2608B600B63C02 /* Mane_HKUTests.swift */; };
		B9B0FAD82B2608B600B63C02 /* Mane_HKUUITests.swift in Sources */ = {isa = PBXBuildFile; fileRef = B9B0FAD72B2608B600B63C02 /* Mane_HKUUITests.swift */; };
		B9B0FADA2B2608B600B63C02 /* Mane_HKUUITestsLaunchTests.swift in Sources */ = {isa = PBXBuildFile; fileRef = B9B0FAD92B2608B600B63C02 /* Mane_HKUUITestsLaunchTests.swift */; };
		B9B0FAE82B2626F300B63C02 /* CGRPCZlib in Frameworks */ = {isa = PBXBuildFile; productRef = B9B0FAE72B2626F300B63C02 /* CGRPCZlib */; };
		B9B0FAEA2B2626F300B63C02 /* GRPC in Frameworks */ = {isa = PBXBuildFile; productRef = B9B0FAE92B2626F300B63C02 /* GRPC */; };
		B9B0FAEC2B2626F300B63C02 /* _GRPCCore in Frameworks */ = {isa = PBXBuildFile; productRef = B9B0FAEB2B2626F300B63C02 /* _GRPCCore */; };
		B9B0FAEE2B2626F300B63C02 /* protoc-gen-grpc-swift in Frameworks */ = {isa = PBXBuildFile; productRef = B9B0FAED2B2626F300B63C02 /* protoc-gen-grpc-swift */; };
		B9B0FAF32B26275B00B63C02 /* PostgREST in Frameworks */ = {isa = PBXBuildFile; productRef = B9B0FAF22B26275B00B63C02 /* PostgREST */; };
		B9B0FAF52B26275B00B63C02 /* Realtime in Frameworks */ = {isa = PBXBuildFile; productRef = B9B0FAF42B26275B00B63C02 /* Realtime */; };
		B9B0FAF72B26275B00B63C02 /* Storage in Frameworks */ = {isa = PBXBuildFile; productRef = B9B0FAF62B26275B00B63C02 /* Storage */; };
		B9B0FAFA2B26296A00B63C02 /* Supabase in Frameworks */ = {isa = PBXBuildFile; productRef = B9B0FAF92B26296A00B63C02 /* Supabase */; };
		B9B375E42B5C4A9B00A594AA /* HomeViewModel.swift in Sources */ = {isa = PBXBuildFile; fileRef = B9B375E32B5C4A9B00A594AA /* HomeViewModel.swift */; };
		B9B375E62B5CF74900A594AA /* UserInfo.swift in Sources */ = {isa = PBXBuildFile; fileRef = B9B375E52B5CF74900A594AA /* UserInfo.swift */; };
		B9DB4FC12B66625C0050CB9E /* GRPCServiceManager.swift in Sources */ = {isa = PBXBuildFile; fileRef = B9DB4FC02B66625C0050CB9E /* GRPCServiceManager.swift */; };
		B9DD4BD12B5BF5F3009D3FB0 /* LoginViewModel.swift in Sources */ = {isa = PBXBuildFile; fileRef = B9DD4BD02B5BF5F3009D3FB0 /* LoginViewModel.swift */; };
		B9DD4BD32B5BF636009D3FB0 /* AuthUtils.swift in Sources */ = {isa = PBXBuildFile; fileRef = B9DD4BD22B5BF635009D3FB0 /* AuthUtils.swift */; };
		B9E7E0B82B48183B006EE61B /* AuthSetupView.swift in Sources */ = {isa = PBXBuildFile; fileRef = B9E7E0B72B48183B006EE61B /* AuthSetupView.swift */; };
		B9E7E0BA2B482831006EE61B /* Color.swift in Sources */ = {isa = PBXBuildFile; fileRef = B9E7E0B92B482831006EE61B /* Color.swift */; };
		B9E7E0BE2B489301006EE61B /* SignUpViewModel.swift in Sources */ = {isa = PBXBuildFile; fileRef = B9E7E0BD2B489301006EE61B /* SignUpViewModel.swift */; };
		B9E7E0C02B489F36006EE61B /* String.swift in Sources */ = {isa = PBXBuildFile; fileRef = B9E7E0BF2B489F36006EE61B /* String.swift */; };
		B9E8861E2B46E242005ADADA /* SignUpView.swift in Sources */ = {isa = PBXBuildFile; fileRef = B9E8861D2B46E242005ADADA /* SignUpView.swift */; };
		B9F3DE002B9A2C8400A21178 /* TimetableEvent.swift in Sources */ = {isa = PBXBuildFile; fileRef = B9F3DDFF2B9A2C8400A21178 /* TimetableEvent.swift */; };
		B9F3DE022B9A4F7700A21178 /* TimetableViewModel.swift in Sources */ = {isa = PBXBuildFile; fileRef = B9F3DE012B9A4F7700A21178 /* TimetableViewModel.swift */; };
		B9F3DE292BAA18FD00A21178 /* MijickCalendarView in Frameworks */ = {isa = PBXBuildFile; productRef = B9F3DE282BAA18FD00A21178 /* MijickCalendarView */; };
		B9F3DE2B2BAA1EB900A21178 /* DayView.swift in Sources */ = {isa = PBXBuildFile; fileRef = B9F3DE2A2BAA1EB900A21178 /* DayView.swift */; };
		B9F3DE2E2BAB0D7300A21178 /* EventsDayView.swift in Sources */ = {isa = PBXBuildFile; fileRef = B9F3DE2D2BAB0D7300A21178 /* EventsDayView.swift */; };
		B9F3DE302BAB5F0B00A21178 /* CourseNotificationsView.swift in Sources */ = {isa = PBXBuildFile; fileRef = B9F3DE2F2BAB5F0B00A21178 /* CourseNotificationsView.swift */; };
		B9F3DE322BAB5F9700A21178 /* CourseNotificationManager.swift in Sources */ = {isa = PBXBuildFile; fileRef = B9F3DE312BAB5F9700A21178 /* CourseNotificationManager.swift */; };
		B9F3DE352BAEFEEA00A21178 /* CourseEventProvider.swift in Sources */ = {isa = PBXBuildFile; fileRef = B9F3DE342BAEFEEA00A21178 /* CourseEventProvider.swift */; };
		B9F3DE372BAF448700A21178 /* CourseNotificationSetting.swift in Sources */ = {isa = PBXBuildFile; fileRef = B9F3DE362BAF448700A21178 /* CourseNotificationSetting.swift */; };
		B9F3DE392BB86E3900A21178 /* CourseReviewListsView.swift in Sources */ = {isa = PBXBuildFile; fileRef = B9F3DE382BB86E3900A21178 /* CourseReviewListsView.swift */; };
		B9F3DE3C2BB9641E00A21178 /* CourseReviewListViewModel.swift in Sources */ = {isa = PBXBuildFile; fileRef = B9F3DE3B2BB9641E00A21178 /* CourseReviewListViewModel.swift */; };
		B9F3DE402BB965A600A21178 /* courses.pb.swift in Sources */ = {isa = PBXBuildFile; fileRef = B9F3DE3F2BB965A600A21178 /* courses.pb.swift */; };
		B9F3DE422BBAF47500A21178 /* CourseReviewDetailView.swift in Sources */ = {isa = PBXBuildFile; fileRef = B9F3DE412BBAF47500A21178 /* CourseReviewDetailView.swift */; };
		B9F3DE442BBB0AF600A21178 /* CourseReviewDetailViewModel.swift in Sources */ = {isa = PBXBuildFile; fileRef = B9F3DE432BBB0AF600A21178 /* CourseReviewDetailViewModel.swift */; };
		B9F3DE462BBBC83F00A21178 /* reviews.pb.swift in Sources */ = {isa = PBXBuildFile; fileRef = B9F3DE452BBBC83F00A21178 /* reviews.pb.swift */; };
		B9FBC76D2BC5B79A0000B9DC /* events.pb.swift in Sources */ = {isa = PBXBuildFile; fileRef = B9FBC76C2BC5B7990000B9DC /* events.pb.swift */; };
		B9FBC76F2BC5D2C10000B9DC /* CampusEventListView.swift in Sources */ = {isa = PBXBuildFile; fileRef = B9FBC76E2BC5D2C10000B9DC /* CampusEventListView.swift */; };
		B9FBC7712BC5D37A0000B9DC /* CampusEventListViewModel.swift in Sources */ = {isa = PBXBuildFile; fileRef = B9FBC7702BC5D37A0000B9DC /* CampusEventListViewModel.swift */; };
		B9FBC7752BC6B8DC0000B9DC /* CampusEventDetailedView.swift in Sources */ = {isa = PBXBuildFile; fileRef = B9FBC7742BC6B8DC0000B9DC /* CampusEventDetailedView.swift */; };
		B9FBC7792BC6C5110000B9DC /* ImageWithBlurredText.swift in Sources */ = {isa = PBXBuildFile; fileRef = B9FBC7782BC6C5110000B9DC /* ImageWithBlurredText.swift */; };
		B9FBC77B2BC7194D0000B9DC /* ApplyEventView.swift in Sources */ = {isa = PBXBuildFile; fileRef = B9FBC77A2BC7194D0000B9DC /* ApplyEventView.swift */; };
		B9FBC77D2BC71ADA0000B9DC /* LazyView.swift in Sources */ = {isa = PBXBuildFile; fileRef = B9FBC77C2BC71ADA0000B9DC /* LazyView.swift */; };
		B9FBC77F2BC728A60000B9DC /* ApplyEventViewModel.swift in Sources */ = {isa = PBXBuildFile; fileRef = B9FBC77E2BC728A60000B9DC /* ApplyEventViewModel.swift */; };
/* End PBXBuildFile section */

/* Begin PBXContainerItemProxy section */
		B9B0FACA2B2608B600B63C02 /* PBXContainerItemProxy */ = {
			isa = PBXContainerItemProxy;
			containerPortal = B9B0FAB12B2608B500B63C02 /* Project object */;
			proxyType = 1;
			remoteGlobalIDString = B9B0FAB82B2608B500B63C02;
			remoteInfo = "Mane HKU";
		};
		B9B0FAD42B2608B600B63C02 /* PBXContainerItemProxy */ = {
			isa = PBXContainerItemProxy;
			containerPortal = B9B0FAB12B2608B500B63C02 /* Project object */;
			proxyType = 1;
			remoteGlobalIDString = B9B0FAB82B2608B500B63C02;
			remoteInfo = "Mane HKU";
		};
/* End PBXContainerItemProxy section */

/* Begin PBXFileReference section */
		B910B13A2B52772700A54EAB /* LoginView.swift */ = {isa = PBXFileReference; lastKnownFileType = sourcecode.swift; path = LoginView.swift; sourceTree = "<group>"; };
		B91841D92BBDEEC5009FC33F /* AddCourseReviewSheetView.swift */ = {isa = PBXFileReference; lastKnownFileType = sourcecode.swift; path = AddCourseReviewSheetView.swift; sourceTree = "<group>"; };
		B91841DB2BBDEF1F009FC33F /* AddCourseReviewViewModel.swift */ = {isa = PBXFileReference; lastKnownFileType = sourcecode.swift; path = AddCourseReviewViewModel.swift; sourceTree = "<group>"; };
		B91841DF2BC05006009FC33F /* AlertToastManager.swift */ = {isa = PBXFileReference; lastKnownFileType = sourcecode.swift; path = AlertToastManager.swift; sourceTree = "<group>"; };
		B91841E52BC1E580009FC33F /* CampusEventContentEditorView.swift */ = {isa = PBXFileReference; lastKnownFileType = sourcecode.swift; path = CampusEventContentEditorView.swift; sourceTree = "<group>"; };
		B91B986A2B6283DC00608766 /* Parser.swift */ = {isa = PBXFileReference; lastKnownFileType = sourcecode.swift; path = Parser.swift; sourceTree = "<group>"; };
		B91B986C2B62893000608766 /* UserDefault.swift */ = {isa = PBXFileReference; lastKnownFileType = sourcecode.swift; path = UserDefault.swift; sourceTree = "<group>"; };
		B942D7F12B4E820D00A26DAD /* ConfirmEmailView.swift */ = {isa = PBXFileReference; lastKnownFileType = sourcecode.swift; path = ConfirmEmailView.swift; sourceTree = "<group>"; };
		B942D7F32B4EE04900A26DAD /* PortalAuth.swift */ = {isa = PBXFileReference; lastKnownFileType = sourcecode.swift; path = PortalAuth.swift; sourceTree = "<group>"; };
		B942D7F52B4EFFB900A26DAD /* ConfirmEmailViewModel.swift */ = {isa = PBXFileReference; lastKnownFileType = sourcecode.swift; path = ConfirmEmailViewModel.swift; sourceTree = "<group>"; };
		B942D7FA2B4FDAF900A26DAD /* AlertToast.swift */ = {isa = PBXFileReference; lastKnownFileType = sourcecode.swift; path = AlertToast.swift; sourceTree = "<group>"; };
		B942D8042B50182800A26DAD /* HomeView.swift */ = {isa = PBXFileReference; lastKnownFileType = sourcecode.swift; path = HomeView.swift; sourceTree = "<group>"; };
		B9442C422B7CE654004DCF7D /* AppRootManager.swift */ = {isa = PBXFileReference; lastKnownFileType = sourcecode.swift; path = AppRootManager.swift; sourceTree = "<group>"; };
		B9442C462B7CF1C7004DCF7D /* TranscriptView.swift */ = {isa = PBXFileReference; lastKnownFileType = sourcecode.swift; path = TranscriptView.swift; sourceTree = "<group>"; };
		B9442C482B7CF1FF004DCF7D /* TranscriptViewModel.swift */ = {isa = PBXFileReference; lastKnownFileType = sourcecode.swift; path = TranscriptViewModel.swift; sourceTree = "<group>"; };
		B9442C4A2B7CF72E004DCF7D /* Transcript.swift */ = {isa = PBXFileReference; lastKnownFileType = sourcecode.swift; path = Transcript.swift; sourceTree = "<group>"; };
		B95B5F462B4BD453001A7070 /* KeychainManager.swift */ = {isa = PBXFileReference; lastKnownFileType = sourcecode.swift; path = KeychainManager.swift; sourceTree = "<group>"; };
		B95B5F4F2B4C5EC9001A7070 /* BackgroundAuthView.swift */ = {isa = PBXFileReference; lastKnownFileType = sourcecode.swift; path = BackgroundAuthView.swift; sourceTree = "<group>"; };
		B95B5F552B4C7B6C001A7070 /* PortalScraper.swift */ = {isa = PBXFileReference; lastKnownFileType = sourcecode.swift; path = PortalScraper.swift; sourceTree = "<group>"; };
		B95B5F572B4C7CB0001A7070 /* APIService.swift */ = {isa = PBXFileReference; lastKnownFileType = sourcecode.swift; path = APIService.swift; sourceTree = "<group>"; };
		B96591872B5547EA00FD1B91 /* CheckUserAuthView.swift */ = {isa = PBXFileReference; lastKnownFileType = sourcecode.swift; path = CheckUserAuthView.swift; sourceTree = "<group>"; };
		B96F74E92B9752F5002CAF5E /* Generics.swift */ = {isa = PBXFileReference; lastKnownFileType = sourcecode.swift; path = Generics.swift; sourceTree = "<group>"; };
		B96F74EB2B97B22D002CAF5E /* SettingsView.swift */ = {isa = PBXFileReference; lastKnownFileType = sourcecode.swift; path = SettingsView.swift; sourceTree = "<group>"; };
		B96F74ED2B98E3E5002CAF5E /* TimetableView.swift */ = {isa = PBXFileReference; lastKnownFileType = sourcecode.swift; path = TimetableView.swift; sourceTree = "<group>"; };
		B971B7492B66B05A00C4C72E /* main_service.pb.swift */ = {isa = PBXFileReference; fileEncoding = 4; lastKnownFileType = sourcecode.swift; path = main_service.pb.swift; sourceTree = "<group>"; };
		B971B74A2B66B05A00C4C72E /* health_check.grpc.swift */ = {isa = PBXFileReference; fileEncoding = 4; lastKnownFileType = sourcecode.swift; path = health_check.grpc.swift; sourceTree = "<group>"; };
		B971B74B2B66B05A00C4C72E /* init_service.grpc.swift */ = {isa = PBXFileReference; fileEncoding = 4; lastKnownFileType = sourcecode.swift; path = init_service.grpc.swift; sourceTree = "<group>"; };
		B971B74C2B66B05A00C4C72E /* init_service.pb.swift */ = {isa = PBXFileReference; fileEncoding = 4; lastKnownFileType = sourcecode.swift; path = init_service.pb.swift; sourceTree = "<group>"; };
		B971B74D2B66B05A00C4C72E /* main_service.grpc.swift */ = {isa = PBXFileReference; fileEncoding = 4; lastKnownFileType = sourcecode.swift; path = main_service.grpc.swift; sourceTree = "<group>"; };
		B971B74E2B66B05A00C4C72E /* health_check.pb.swift */ = {isa = PBXFileReference; fileEncoding = 4; lastKnownFileType = sourcecode.swift; path = health_check.pb.swift; sourceTree = "<group>"; };
		B98DB9272B7149FA0053FEF7 /* MainTabView.swift */ = {isa = PBXFileReference; lastKnownFileType = sourcecode.swift; path = MainTabView.swift; sourceTree = "<group>"; };
		B99763B12B56F7A800A439F1 /* UserManager.swift */ = {isa = PBXFileReference; lastKnownFileType = sourcecode.swift; path = UserManager.swift; sourceTree = "<group>"; };
		B99F37C72B8CB3DE0060DE0C /* CookieHandler.swift */ = {isa = PBXFileReference; lastKnownFileType = sourcecode.swift; path = CookieHandler.swift; sourceTree = "<group>"; };
		B99F37C92B8CC4370060DE0C /* AppDelegate.swift */ = {isa = PBXFileReference; lastKnownFileType = sourcecode.swift; path = AppDelegate.swift; sourceTree = "<group>"; };
		B99F37CD2B8E408D0060DE0C /* EnrollmentStatusView.swift */ = {isa = PBXFileReference; lastKnownFileType = sourcecode.swift; path = EnrollmentStatusView.swift; sourceTree = "<group>"; };
		B99F37CF2B8E40A80060DE0C /* EnrollmentStatusViewModel.swift */ = {isa = PBXFileReference; lastKnownFileType = sourcecode.swift; path = EnrollmentStatusViewModel.swift; sourceTree = "<group>"; };
		B99F37D12B8E415B0060DE0C /* EnrollmentStatus.swift */ = {isa = PBXFileReference; lastKnownFileType = sourcecode.swift; path = EnrollmentStatus.swift; sourceTree = "<group>"; };
		B9B0FAB92B2608B500B63C02 /* Mane HKU.app */ = {isa = PBXFileReference; explicitFileType = wrapper.application; includeInIndex = 0; path = "Mane HKU.app"; sourceTree = BUILT_PRODUCTS_DIR; };
		B9B0FABC2B2608B500B63C02 /* ManeApp.swift */ = {isa = PBXFileReference; lastKnownFileType = sourcecode.swift; path = ManeApp.swift; sourceTree = "<group>"; };
		B9B0FABE2B2608B500B63C02 /* ContentView.swift */ = {isa = PBXFileReference; lastKnownFileType = sourcecode.swift; path = ContentView.swift; sourceTree = "<group>"; };
		B9B0FAC02B2608B600B63C02 /* Assets.xcassets */ = {isa = PBXFileReference; lastKnownFileType = folder.assetcatalog; path = Assets.xcassets; sourceTree = "<group>"; };
		B9B0FAC32B2608B600B63C02 /* Preview Assets.xcassets */ = {isa = PBXFileReference; lastKnownFileType = folder.assetcatalog; path = "Preview Assets.xcassets"; sourceTree = "<group>"; };
		B9B0FAC92B2608B600B63C02 /* Mane HKUTests.xctest */ = {isa = PBXFileReference; explicitFileType = wrapper.cfbundle; includeInIndex = 0; path = "Mane HKUTests.xctest"; sourceTree = BUILT_PRODUCTS_DIR; };
		B9B0FACD2B2608B600B63C02 /* Mane_HKUTests.swift */ = {isa = PBXFileReference; lastKnownFileType = sourcecode.swift; path = Mane_HKUTests.swift; sourceTree = "<group>"; };
		B9B0FAD32B2608B600B63C02 /* Mane HKUUITests.xctest */ = {isa = PBXFileReference; explicitFileType = wrapper.cfbundle; includeInIndex = 0; path = "Mane HKUUITests.xctest"; sourceTree = BUILT_PRODUCTS_DIR; };
		B9B0FAD72B2608B600B63C02 /* Mane_HKUUITests.swift */ = {isa = PBXFileReference; lastKnownFileType = sourcecode.swift; path = Mane_HKUUITests.swift; sourceTree = "<group>"; };
		B9B0FAD92B2608B600B63C02 /* Mane_HKUUITestsLaunchTests.swift */ = {isa = PBXFileReference; lastKnownFileType = sourcecode.swift; path = Mane_HKUUITestsLaunchTests.swift; sourceTree = "<group>"; };
		B9B375E32B5C4A9B00A594AA /* HomeViewModel.swift */ = {isa = PBXFileReference; lastKnownFileType = sourcecode.swift; path = HomeViewModel.swift; sourceTree = "<group>"; };
		B9B375E52B5CF74900A594AA /* UserInfo.swift */ = {isa = PBXFileReference; lastKnownFileType = sourcecode.swift; path = UserInfo.swift; sourceTree = "<group>"; };
		B9DB4FC02B66625C0050CB9E /* GRPCServiceManager.swift */ = {isa = PBXFileReference; lastKnownFileType = sourcecode.swift; path = GRPCServiceManager.swift; sourceTree = "<group>"; };
		B9DD4BD02B5BF5F3009D3FB0 /* LoginViewModel.swift */ = {isa = PBXFileReference; lastKnownFileType = sourcecode.swift; path = LoginViewModel.swift; sourceTree = "<group>"; };
		B9DD4BD22B5BF635009D3FB0 /* AuthUtils.swift */ = {isa = PBXFileReference; lastKnownFileType = sourcecode.swift; path = AuthUtils.swift; sourceTree = "<group>"; };
		B9E7E0B72B48183B006EE61B /* AuthSetupView.swift */ = {isa = PBXFileReference; lastKnownFileType = sourcecode.swift; path = AuthSetupView.swift; sourceTree = "<group>"; };
		B9E7E0B92B482831006EE61B /* Color.swift */ = {isa = PBXFileReference; lastKnownFileType = sourcecode.swift; path = Color.swift; sourceTree = "<group>"; };
		B9E7E0BD2B489301006EE61B /* SignUpViewModel.swift */ = {isa = PBXFileReference; lastKnownFileType = sourcecode.swift; path = SignUpViewModel.swift; sourceTree = "<group>"; };
		B9E7E0BF2B489F36006EE61B /* String.swift */ = {isa = PBXFileReference; lastKnownFileType = sourcecode.swift; path = String.swift; sourceTree = "<group>"; };
		B9E8861D2B46E242005ADADA /* SignUpView.swift */ = {isa = PBXFileReference; lastKnownFileType = sourcecode.swift; path = SignUpView.swift; sourceTree = "<group>"; };
		B9F3DDFF2B9A2C8400A21178 /* TimetableEvent.swift */ = {isa = PBXFileReference; lastKnownFileType = sourcecode.swift; path = TimetableEvent.swift; sourceTree = "<group>"; };
		B9F3DE012B9A4F7700A21178 /* TimetableViewModel.swift */ = {isa = PBXFileReference; lastKnownFileType = sourcecode.swift; path = TimetableViewModel.swift; sourceTree = "<group>"; };
		B9F3DE2A2BAA1EB900A21178 /* DayView.swift */ = {isa = PBXFileReference; lastKnownFileType = sourcecode.swift; path = DayView.swift; sourceTree = "<group>"; };
		B9F3DE2D2BAB0D7300A21178 /* EventsDayView.swift */ = {isa = PBXFileReference; lastKnownFileType = sourcecode.swift; path = EventsDayView.swift; sourceTree = "<group>"; };
		B9F3DE2F2BAB5F0B00A21178 /* CourseNotificationsView.swift */ = {isa = PBXFileReference; lastKnownFileType = sourcecode.swift; path = CourseNotificationsView.swift; sourceTree = "<group>"; };
		B9F3DE312BAB5F9700A21178 /* CourseNotificationManager.swift */ = {isa = PBXFileReference; lastKnownFileType = sourcecode.swift; path = CourseNotificationManager.swift; sourceTree = "<group>"; };
		B9F3DE342BAEFEEA00A21178 /* CourseEventProvider.swift */ = {isa = PBXFileReference; lastKnownFileType = sourcecode.swift; path = CourseEventProvider.swift; sourceTree = "<group>"; };
		B9F3DE362BAF448700A21178 /* CourseNotificationSetting.swift */ = {isa = PBXFileReference; lastKnownFileType = sourcecode.swift; path = CourseNotificationSetting.swift; sourceTree = "<group>"; };
		B9F3DE382BB86E3900A21178 /* CourseReviewListsView.swift */ = {isa = PBXFileReference; lastKnownFileType = sourcecode.swift; path = CourseReviewListsView.swift; sourceTree = "<group>"; };
		B9F3DE3B2BB9641E00A21178 /* CourseReviewListViewModel.swift */ = {isa = PBXFileReference; lastKnownFileType = sourcecode.swift; path = CourseReviewListViewModel.swift; sourceTree = "<group>"; };
		B9F3DE3F2BB965A600A21178 /* courses.pb.swift */ = {isa = PBXFileReference; fileEncoding = 4; lastKnownFileType = sourcecode.swift; path = courses.pb.swift; sourceTree = "<group>"; };
		B9F3DE412BBAF47500A21178 /* CourseReviewDetailView.swift */ = {isa = PBXFileReference; lastKnownFileType = sourcecode.swift; path = CourseReviewDetailView.swift; sourceTree = "<group>"; };
		B9F3DE432BBB0AF600A21178 /* CourseReviewDetailViewModel.swift */ = {isa = PBXFileReference; lastKnownFileType = sourcecode.swift; path = CourseReviewDetailViewModel.swift; sourceTree = "<group>"; };
		B9F3DE452BBBC83F00A21178 /* reviews.pb.swift */ = {isa = PBXFileReference; fileEncoding = 4; lastKnownFileType = sourcecode.swift; path = reviews.pb.swift; sourceTree = "<group>"; };
		B9FBC76C2BC5B7990000B9DC /* events.pb.swift */ = {isa = PBXFileReference; fileEncoding = 4; lastKnownFileType = sourcecode.swift; path = events.pb.swift; sourceTree = "<group>"; };
		B9FBC76E2BC5D2C10000B9DC /* CampusEventListView.swift */ = {isa = PBXFileReference; lastKnownFileType = sourcecode.swift; path = CampusEventListView.swift; sourceTree = "<group>"; };
		B9FBC7702BC5D37A0000B9DC /* CampusEventListViewModel.swift */ = {isa = PBXFileReference; lastKnownFileType = sourcecode.swift; path = CampusEventListViewModel.swift; sourceTree = "<group>"; };
		B9FBC7742BC6B8DC0000B9DC /* CampusEventDetailedView.swift */ = {isa = PBXFileReference; lastKnownFileType = sourcecode.swift; path = CampusEventDetailedView.swift; sourceTree = "<group>"; };
		B9FBC7782BC6C5110000B9DC /* ImageWithBlurredText.swift */ = {isa = PBXFileReference; lastKnownFileType = sourcecode.swift; path = ImageWithBlurredText.swift; sourceTree = "<group>"; };
		B9FBC77A2BC7194D0000B9DC /* ApplyEventView.swift */ = {isa = PBXFileReference; lastKnownFileType = sourcecode.swift; path = ApplyEventView.swift; sourceTree = "<group>"; };
		B9FBC77C2BC71ADA0000B9DC /* LazyView.swift */ = {isa = PBXFileReference; lastKnownFileType = sourcecode.swift; path = LazyView.swift; sourceTree = "<group>"; };
		B9FBC77E2BC728A60000B9DC /* ApplyEventViewModel.swift */ = {isa = PBXFileReference; lastKnownFileType = sourcecode.swift; path = ApplyEventViewModel.swift; sourceTree = "<group>"; };
/* End PBXFileReference section */

/* Begin PBXFrameworksBuildPhase section */
		B9B0FAB62B2608B500B63C02 /* Frameworks */ = {
			isa = PBXFrameworksBuildPhase;
			buildActionMask = 2147483647;
			files = (
				B9F3DE292BAA18FD00A21178 /* MijickCalendarView in Frameworks */,
				B9B0FAF52B26275B00B63C02 /* Realtime in Frameworks */,
				B9B0FAF32B26275B00B63C02 /* PostgREST in Frameworks */,
				B9B0FAEA2B2626F300B63C02 /* GRPC in Frameworks */,
				B942D8012B4FE8A600A26DAD /* AlertToast in Frameworks */,
				B9B0FAF72B26275B00B63C02 /* Storage in Frameworks */,
				B95B5F4A2B4BD56B001A7070 /* KeychainAccess in Frameworks */,
				B942D7F02B4E658F00A26DAD /* SwiftSoup in Frameworks */,
				B95B5F532B4C795A001A7070 /* Alamofire in Frameworks */,
				B91841EE2BC3D75E009FC33F /* RichEditorSwiftUI in Frameworks */,
				B91841D82BBC7888009FC33F /* ExpandableText in Frameworks */,
				B9B0FAFA2B26296A00B63C02 /* Supabase in Frameworks */,
				B9B0FAEC2B2626F300B63C02 /* _GRPCCore in Frameworks */,
				B9B0FAEE2B2626F300B63C02 /* protoc-gen-grpc-swift in Frameworks */,
				B98692162B3C8B1400F0D491 /* Auth in Frameworks */,
				B9B0FAE82B2626F300B63C02 /* CGRPCZlib in Frameworks */,
			);
			runOnlyForDeploymentPostprocessing = 0;
		};
		B9B0FAC62B2608B600B63C02 /* Frameworks */ = {
			isa = PBXFrameworksBuildPhase;
			buildActionMask = 2147483647;
			files = (
			);
			runOnlyForDeploymentPostprocessing = 0;
		};
		B9B0FAD02B2608B600B63C02 /* Frameworks */ = {
			isa = PBXFrameworksBuildPhase;
			buildActionMask = 2147483647;
			files = (
			);
			runOnlyForDeploymentPostprocessing = 0;
		};
/* End PBXFrameworksBuildPhase section */

/* Begin PBXGroup section */
		B91841E42BC1E563009FC33F /* CampusEvents */ = {
			isa = PBXGroup;
			children = (
				B91841E52BC1E580009FC33F /* CampusEventContentEditorView.swift */,
				B9FBC76E2BC5D2C10000B9DC /* CampusEventListView.swift */,
				B9FBC7742BC6B8DC0000B9DC /* CampusEventDetailedView.swift */,
				B9FBC77A2BC7194D0000B9DC /* ApplyEventView.swift */,
			);
			path = CampusEvents;
			sourceTree = "<group>";
		};
		B942D8022B50180800A26DAD /* Home */ = {
			isa = PBXGroup;
			children = (
				B9B375E22B5C4A8E00A594AA /* ViewModels */,
				B942D8032B50181400A26DAD /* Views */,
			);
			path = Home;
			sourceTree = "<group>";
		};
		B942D8032B50181400A26DAD /* Views */ = {
			isa = PBXGroup;
			children = (
				B91841E42BC1E563009FC33F /* CampusEvents */,
				B9F3DE3A2BB86E3D00A21178 /* CourseReviews */,
				B9F3DE2C2BAB0D5900A21178 /* CalendarViews */,
				B942D8042B50182800A26DAD /* HomeView.swift */,
				B98DB9272B7149FA0053FEF7 /* MainTabView.swift */,
				B9442C462B7CF1C7004DCF7D /* TranscriptView.swift */,
				B99F37CD2B8E408D0060DE0C /* EnrollmentStatusView.swift */,
				B96F74EB2B97B22D002CAF5E /* SettingsView.swift */,
			);
			path = Views;
			sourceTree = "<group>";
		};
		B9442C442B7CE6EE004DCF7D /* Splash */ = {
			isa = PBXGroup;
			children = (
				B9442C452B7CE6F7004DCF7D /* Views */,
			);
			path = Splash;
			sourceTree = "<group>";
		};
		B9442C452B7CE6F7004DCF7D /* Views */ = {
			isa = PBXGroup;
			children = (
				B96591872B5547EA00FD1B91 /* CheckUserAuthView.swift */,
			);
			path = Views;
			sourceTree = "<group>";
		};
		B95B5F542B4C7B32001A7070 /* Services */ = {
			isa = PBXGroup;
			children = (
				B9F3DDFE2B9A2C6A00A21178 /* APIResponse */,
				B95B5F592B4C874A001A7070 /* Types */,
				B95B5F462B4BD453001A7070 /* KeychainManager.swift */,
				B95B5F552B4C7B6C001A7070 /* PortalScraper.swift */,
				B95B5F572B4C7CB0001A7070 /* APIService.swift */,
				B91B986A2B6283DC00608766 /* Parser.swift */,
				B9DB4FC02B66625C0050CB9E /* GRPCServiceManager.swift */,
				B99F37C72B8CB3DE0060DE0C /* CookieHandler.swift */,
				B9F3DE342BAEFEEA00A21178 /* CourseEventProvider.swift */,
			);
			path = Services;
			sourceTree = "<group>";
		};
		B95B5F592B4C874A001A7070 /* Types */ = {
			isa = PBXGroup;
			children = (
				B9B375E52B5CF74900A594AA /* UserInfo.swift */,
				B9442C4A2B7CF72E004DCF7D /* Transcript.swift */,
				B99F37D12B8E415B0060DE0C /* EnrollmentStatus.swift */,
				B9F3DE362BAF448700A21178 /* CourseNotificationSetting.swift */,
			);
			path = Types;
			sourceTree = "<group>";
		};
		B971B7482B66B03A00C4C72E /* pb */ = {
			isa = PBXGroup;
			children = (
				B9FBC76C2BC5B7990000B9DC /* events.pb.swift */,
				B9F3DE452BBBC83F00A21178 /* reviews.pb.swift */,
				B9F3DE3F2BB965A600A21178 /* courses.pb.swift */,
				B971B74A2B66B05A00C4C72E /* health_check.grpc.swift */,
				B971B74E2B66B05A00C4C72E /* health_check.pb.swift */,
				B971B74B2B66B05A00C4C72E /* init_service.grpc.swift */,
				B971B74C2B66B05A00C4C72E /* init_service.pb.swift */,
				B971B74D2B66B05A00C4C72E /* main_service.grpc.swift */,
				B971B7492B66B05A00C4C72E /* main_service.pb.swift */,
			);
			path = pb;
			sourceTree = "<group>";
		};
		B9B0FAB02B2608B500B63C02 = {
			isa = PBXGroup;
			children = (
				B9B0FABB2B2608B500B63C02 /* Mane HKU */,
				B9B0FACC2B2608B600B63C02 /* Mane HKUTests */,
				B9B0FAD62B2608B600B63C02 /* Mane HKUUITests */,
				B9B0FABA2B2608B500B63C02 /* Products */,
				B9B0FAF82B26296A00B63C02 /* Frameworks */,
			);
			sourceTree = "<group>";
		};
		B9B0FABA2B2608B500B63C02 /* Products */ = {
			isa = PBXGroup;
			children = (
				B9B0FAB92B2608B500B63C02 /* Mane HKU.app */,
				B9B0FAC92B2608B600B63C02 /* Mane HKUTests.xctest */,
				B9B0FAD32B2608B600B63C02 /* Mane HKUUITests.xctest */,
			);
			name = Products;
			sourceTree = "<group>";
		};
		B9B0FABB2B2608B500B63C02 /* Mane HKU */ = {
			isa = PBXGroup;
			children = (
				B9442C442B7CE6EE004DCF7D /* Splash */,
				B971B7482B66B03A00C4C72E /* pb */,
				B95B5F542B4C7B32001A7070 /* Services */,
				B9B10E6A2B3DE14900A12CB6 /* Common */,
				B942D8022B50180800A26DAD /* Home */,
				B9B10E752B3DF70500A12CB6 /* Auth */,
				B9B0FABC2B2608B500B63C02 /* ManeApp.swift */,
				B9B0FABE2B2608B500B63C02 /* ContentView.swift */,
				B9B0FAC02B2608B600B63C02 /* Assets.xcassets */,
				B9B0FAC22B2608B600B63C02 /* Preview Content */,
				B9442C422B7CE654004DCF7D /* AppRootManager.swift */,
				B99F37C92B8CC4370060DE0C /* AppDelegate.swift */,
			);
			path = "Mane HKU";
			sourceTree = "<group>";
		};
		B9B0FAC22B2608B600B63C02 /* Preview Content */ = {
			isa = PBXGroup;
			children = (
				B9B0FAC32B2608B600B63C02 /* Preview Assets.xcassets */,
			);
			path = "Preview Content";
			sourceTree = "<group>";
		};
		B9B0FACC2B2608B600B63C02 /* Mane HKUTests */ = {
			isa = PBXGroup;
			children = (
				B9B0FACD2B2608B600B63C02 /* Mane_HKUTests.swift */,
			);
			path = "Mane HKUTests";
			sourceTree = "<group>";
		};
		B9B0FAD62B2608B600B63C02 /* Mane HKUUITests */ = {
			isa = PBXGroup;
			children = (
				B9B0FAD72B2608B600B63C02 /* Mane_HKUUITests.swift */,
				B9B0FAD92B2608B600B63C02 /* Mane_HKUUITestsLaunchTests.swift */,
			);
			path = "Mane HKUUITests";
			sourceTree = "<group>";
		};
		B9B0FAF82B26296A00B63C02 /* Frameworks */ = {
			isa = PBXGroup;
			children = (
			);
			name = Frameworks;
			sourceTree = "<group>";
		};
		B9B10E6A2B3DE14900A12CB6 /* Common */ = {
			isa = PBXGroup;
			children = (
				B9E7E0B92B482831006EE61B /* Color.swift */,
				B9E7E0BF2B489F36006EE61B /* String.swift */,
				B942D7FA2B4FDAF900A26DAD /* AlertToast.swift */,
				B99763B12B56F7A800A439F1 /* UserManager.swift */,
				B91B986C2B62893000608766 /* UserDefault.swift */,
				B96F74E92B9752F5002CAF5E /* Generics.swift */,
				B91841DF2BC05006009FC33F /* AlertToastManager.swift */,
				B9FBC7782BC6C5110000B9DC /* ImageWithBlurredText.swift */,
				B9FBC77C2BC71ADA0000B9DC /* LazyView.swift */,
			);
			path = Common;
			sourceTree = "<group>";
		};
		B9B10E752B3DF70500A12CB6 /* Auth */ = {
			isa = PBXGroup;
			children = (
				B9E8861B2B46E19C005ADADA /* Models */,
				B9E8861C2B46E1A5005ADADA /* ViewModels */,
				B9E8861A2B46E187005ADADA /* Views */,
			);
			path = Auth;
			sourceTree = "<group>";
		};
		B9B375E22B5C4A8E00A594AA /* ViewModels */ = {
			isa = PBXGroup;
			children = (
				B9B375E32B5C4A9B00A594AA /* HomeViewModel.swift */,
				B9442C482B7CF1FF004DCF7D /* TranscriptViewModel.swift */,
				B99F37CF2B8E40A80060DE0C /* EnrollmentStatusViewModel.swift */,
				B9F3DE012B9A4F7700A21178 /* TimetableViewModel.swift */,
				B9F3DE312BAB5F9700A21178 /* CourseNotificationManager.swift */,
				B9F3DE3B2BB9641E00A21178 /* CourseReviewListViewModel.swift */,
				B9F3DE432BBB0AF600A21178 /* CourseReviewDetailViewModel.swift */,
				B91841DB2BBDEF1F009FC33F /* AddCourseReviewViewModel.swift */,
				B9FBC7702BC5D37A0000B9DC /* CampusEventListViewModel.swift */,
				B9FBC77E2BC728A60000B9DC /* ApplyEventViewModel.swift */,
			);
			path = ViewModels;
			sourceTree = "<group>";
		};
		B9E8861A2B46E187005ADADA /* Views */ = {
			isa = PBXGroup;
			children = (
				B910B13A2B52772700A54EAB /* LoginView.swift */,
				B9E8861D2B46E242005ADADA /* SignUpView.swift */,
				B9E7E0B72B48183B006EE61B /* AuthSetupView.swift */,
				B95B5F4F2B4C5EC9001A7070 /* BackgroundAuthView.swift */,
				B942D7F12B4E820D00A26DAD /* ConfirmEmailView.swift */,
			);
			path = Views;
			sourceTree = "<group>";
		};
		B9E8861B2B46E19C005ADADA /* Models */ = {
			isa = PBXGroup;
			children = (
				B942D7F32B4EE04900A26DAD /* PortalAuth.swift */,
			);
			path = Models;
			sourceTree = "<group>";
		};
		B9E8861C2B46E1A5005ADADA /* ViewModels */ = {
			isa = PBXGroup;
			children = (
				B9E7E0BD2B489301006EE61B /* SignUpViewModel.swift */,
				B942D7F52B4EFFB900A26DAD /* ConfirmEmailViewModel.swift */,
				B9DD4BD02B5BF5F3009D3FB0 /* LoginViewModel.swift */,
				B9DD4BD22B5BF635009D3FB0 /* AuthUtils.swift */,
			);
			path = ViewModels;
			sourceTree = "<group>";
		};
		B9F3DDFE2B9A2C6A00A21178 /* APIResponse */ = {
			isa = PBXGroup;
			children = (
				B9F3DDFF2B9A2C8400A21178 /* TimetableEvent.swift */,
			);
			path = APIResponse;
			sourceTree = "<group>";
		};
		B9F3DE2C2BAB0D5900A21178 /* CalendarViews */ = {
			isa = PBXGroup;
			children = (
				B96F74ED2B98E3E5002CAF5E /* TimetableView.swift */,
				B9F3DE2A2BAA1EB900A21178 /* DayView.swift */,
				B9F3DE2D2BAB0D7300A21178 /* EventsDayView.swift */,
				B9F3DE2F2BAB5F0B00A21178 /* CourseNotificationsView.swift */,
			);
			path = CalendarViews;
			sourceTree = "<group>";
		};
		B9F3DE3A2BB86E3D00A21178 /* CourseReviews */ = {
			isa = PBXGroup;
			children = (
				B9F3DE382BB86E3900A21178 /* CourseReviewListsView.swift */,
				B9F3DE412BBAF47500A21178 /* CourseReviewDetailView.swift */,
				B91841D92BBDEEC5009FC33F /* AddCourseReviewSheetView.swift */,
			);
			path = CourseReviews;
			sourceTree = "<group>";
		};
/* End PBXGroup section */

/* Begin PBXNativeTarget section */
		B9B0FAB82B2608B500B63C02 /* Mane HKU */ = {
			isa = PBXNativeTarget;
			buildConfigurationList = B9B0FADD2B2608B600B63C02 /* Build configuration list for PBXNativeTarget "Mane HKU" */;
			buildPhases = (
				B9B0FAB52B2608B500B63C02 /* Sources */,
				B9B0FAB62B2608B500B63C02 /* Frameworks */,
				B9B0FAB72B2608B500B63C02 /* Resources */,
			);
			buildRules = (
			);
			dependencies = (
			);
			name = "Mane HKU";
			packageProductDependencies = (
				B9B0FAE72B2626F300B63C02 /* CGRPCZlib */,
				B9B0FAE92B2626F300B63C02 /* GRPC */,
				B9B0FAEB2B2626F300B63C02 /* _GRPCCore */,
				B9B0FAED2B2626F300B63C02 /* protoc-gen-grpc-swift */,
				B9B0FAF22B26275B00B63C02 /* PostgREST */,
				B9B0FAF42B26275B00B63C02 /* Realtime */,
				B9B0FAF62B26275B00B63C02 /* Storage */,
				B9B0FAF92B26296A00B63C02 /* Supabase */,
				B98692152B3C8B1400F0D491 /* Auth */,
				B95B5F492B4BD56B001A7070 /* KeychainAccess */,
				B95B5F522B4C795A001A7070 /* Alamofire */,
				B942D7EF2B4E658F00A26DAD /* SwiftSoup */,
				B942D8002B4FE8A600A26DAD /* AlertToast */,
				B9F3DE282BAA18FD00A21178 /* MijickCalendarView */,
				B91841D72BBC7888009FC33F /* ExpandableText */,
				B91841ED2BC3D75E009FC33F /* RichEditorSwiftUI */,
			);
			productName = "Mane HKU";
			productReference = B9B0FAB92B2608B500B63C02 /* Mane HKU.app */;
			productType = "com.apple.product-type.application";
		};
		B9B0FAC82B2608B600B63C02 /* Mane HKUTests */ = {
			isa = PBXNativeTarget;
			buildConfigurationList = B9B0FAE02B2608B600B63C02 /* Build configuration list for PBXNativeTarget "Mane HKUTests" */;
			buildPhases = (
				B9B0FAC52B2608B600B63C02 /* Sources */,
				B9B0FAC62B2608B600B63C02 /* Frameworks */,
				B9B0FAC72B2608B600B63C02 /* Resources */,
			);
			buildRules = (
			);
			dependencies = (
				B9B0FACB2B2608B600B63C02 /* PBXTargetDependency */,
			);
			name = "Mane HKUTests";
			productName = "Mane HKUTests";
			productReference = B9B0FAC92B2608B600B63C02 /* Mane HKUTests.xctest */;
			productType = "com.apple.product-type.bundle.unit-test";
		};
		B9B0FAD22B2608B600B63C02 /* Mane HKUUITests */ = {
			isa = PBXNativeTarget;
			buildConfigurationList = B9B0FAE32B2608B600B63C02 /* Build configuration list for PBXNativeTarget "Mane HKUUITests" */;
			buildPhases = (
				B9B0FACF2B2608B600B63C02 /* Sources */,
				B9B0FAD02B2608B600B63C02 /* Frameworks */,
				B9B0FAD12B2608B600B63C02 /* Resources */,
			);
			buildRules = (
			);
			dependencies = (
				B9B0FAD52B2608B600B63C02 /* PBXTargetDependency */,
			);
			name = "Mane HKUUITests";
			productName = "Mane HKUUITests";
			productReference = B9B0FAD32B2608B600B63C02 /* Mane HKUUITests.xctest */;
			productType = "com.apple.product-type.bundle.ui-testing";
		};
/* End PBXNativeTarget section */

/* Begin PBXProject section */
		B9B0FAB12B2608B500B63C02 /* Project object */ = {
			isa = PBXProject;
			attributes = {
				BuildIndependentTargetsInParallel = 1;
				LastSwiftUpdateCheck = 1500;
				LastUpgradeCheck = 1500;
				TargetAttributes = {
					B9B0FAB82B2608B500B63C02 = {
						CreatedOnToolsVersion = 15.0.1;
					};
					B9B0FAC82B2608B600B63C02 = {
						CreatedOnToolsVersion = 15.0.1;
						TestTargetID = B9B0FAB82B2608B500B63C02;
					};
					B9B0FAD22B2608B600B63C02 = {
						CreatedOnToolsVersion = 15.0.1;
						TestTargetID = B9B0FAB82B2608B500B63C02;
					};
				};
			};
			buildConfigurationList = B9B0FAB42B2608B500B63C02 /* Build configuration list for PBXProject "Mane HKU" */;
			compatibilityVersion = "Xcode 14.0";
			developmentRegion = en;
			hasScannedForEncodings = 0;
			knownRegions = (
				en,
				Base,
			);
			mainGroup = B9B0FAB02B2608B500B63C02;
			packageReferences = (
				B9B0FAE62B2626F300B63C02 /* XCRemoteSwiftPackageReference "grpc-swift" */,
				B9B0FAEF2B26275B00B63C02 /* XCRemoteSwiftPackageReference "supabase-swift" */,
				B9FF5DE42B3DDC9800A6B17C /* XCRemoteSwiftPackageReference "SwiftLint" */,
				B95B5F482B4BD56B001A7070 /* XCRemoteSwiftPackageReference "KeychainAccess" */,
				B95B5F512B4C7959001A7070 /* XCRemoteSwiftPackageReference "Alamofire" */,
				B942D7EE2B4E658F00A26DAD /* XCRemoteSwiftPackageReference "SwiftSoup" */,
				B942D7FF2B4FE8A600A26DAD /* XCRemoteSwiftPackageReference "AlertToast" */,
				B9F3DE272BAA18FD00A21178 /* XCRemoteSwiftPackageReference "CalendarView" */,
				B91841D62BBC7888009FC33F /* XCRemoteSwiftPackageReference "ExpandableText" */,
				B91841EC2BC3D75E009FC33F /* XCRemoteSwiftPackageReference "rich-editor-swiftui" */,
			);
			productRefGroup = B9B0FABA2B2608B500B63C02 /* Products */;
			projectDirPath = "";
			projectRoot = "";
			targets = (
				B9B0FAB82B2608B500B63C02 /* Mane HKU */,
				B9B0FAC82B2608B600B63C02 /* Mane HKUTests */,
				B9B0FAD22B2608B600B63C02 /* Mane HKUUITests */,
			);
		};
/* End PBXProject section */

/* Begin PBXResourcesBuildPhase section */
		B9B0FAB72B2608B500B63C02 /* Resources */ = {
			isa = PBXResourcesBuildPhase;
			buildActionMask = 2147483647;
			files = (
				B9B0FAC42B2608B600B63C02 /* Preview Assets.xcassets in Resources */,
				B9B0FAC12B2608B600B63C02 /* Assets.xcassets in Resources */,
			);
			runOnlyForDeploymentPostprocessing = 0;
		};
		B9B0FAC72B2608B600B63C02 /* Resources */ = {
			isa = PBXResourcesBuildPhase;
			buildActionMask = 2147483647;
			files = (
			);
			runOnlyForDeploymentPostprocessing = 0;
		};
		B9B0FAD12B2608B600B63C02 /* Resources */ = {
			isa = PBXResourcesBuildPhase;
			buildActionMask = 2147483647;
			files = (
			);
			runOnlyForDeploymentPostprocessing = 0;
		};
/* End PBXResourcesBuildPhase section */

/* Begin PBXSourcesBuildPhase section */
		B9B0FAB52B2608B500B63C02 /* Sources */ = {
			isa = PBXSourcesBuildPhase;
			buildActionMask = 2147483647;
			files = (
				B971B7522B66B05A00C4C72E /* init_service.pb.swift in Sources */,
				B9F3DE2B2BAA1EB900A21178 /* DayView.swift in Sources */,
				B95B5F562B4C7B6C001A7070 /* PortalScraper.swift in Sources */,
				B9B375E42B5C4A9B00A594AA /* HomeViewModel.swift in Sources */,
				B971B7542B66B05A00C4C72E /* health_check.pb.swift in Sources */,
				B96F74EA2B9752F5002CAF5E /* Generics.swift in Sources */,
				B9E7E0B82B48183B006EE61B /* AuthSetupView.swift in Sources */,
				B98DB9282B7149FA0053FEF7 /* MainTabView.swift in Sources */,
				B9FBC76F2BC5D2C10000B9DC /* CampusEventListView.swift in Sources */,
				B99F37C82B8CB3DE0060DE0C /* CookieHandler.swift in Sources */,
				B99F37D22B8E415B0060DE0C /* EnrollmentStatus.swift in Sources */,
				B971B7502B66B05A00C4C72E /* health_check.grpc.swift in Sources */,
				B9B0FABF2B2608B500B63C02 /* ContentView.swift in Sources */,
				B96591882B5547EA00FD1B91 /* CheckUserAuthView.swift in Sources */,
				B9FBC77B2BC7194D0000B9DC /* ApplyEventView.swift in Sources */,
				B9F3DE372BAF448700A21178 /* CourseNotificationSetting.swift in Sources */,
				B9B0FABD2B2608B500B63C02 /* ManeApp.swift in Sources */,
				B971B7512B66B05A00C4C72E /* init_service.grpc.swift in Sources */,
				B99F37CE2B8E408D0060DE0C /* EnrollmentStatusView.swift in Sources */,
				B9F3DE442BBB0AF600A21178 /* CourseReviewDetailViewModel.swift in Sources */,
				B9FBC7712BC5D37A0000B9DC /* CampusEventListViewModel.swift in Sources */,
				B99F37D02B8E40A80060DE0C /* EnrollmentStatusViewModel.swift in Sources */,
				B9B375E62B5CF74900A594AA /* UserInfo.swift in Sources */,
				B9FBC7792BC6C5110000B9DC /* ImageWithBlurredText.swift in Sources */,
				B9FBC77F2BC728A60000B9DC /* ApplyEventViewModel.swift in Sources */,
				B9E7E0BA2B482831006EE61B /* Color.swift in Sources */,
				B9F3DE022B9A4F7700A21178 /* TimetableViewModel.swift in Sources */,
				B91841DC2BBDEF1F009FC33F /* AddCourseReviewViewModel.swift in Sources */,
				B9FBC77D2BC71ADA0000B9DC /* LazyView.swift in Sources */,
				B95B5F502B4C5ECA001A7070 /* BackgroundAuthView.swift in Sources */,
				B91841E62BC1E580009FC33F /* CampusEventContentEditorView.swift in Sources */,
				B942D7F62B4EFFB900A26DAD /* ConfirmEmailViewModel.swift in Sources */,
				B9F3DE422BBAF47500A21178 /* CourseReviewDetailView.swift in Sources */,
				B9DD4BD12B5BF5F3009D3FB0 /* LoginViewModel.swift in Sources */,
				B96F74EC2B97B22D002CAF5E /* SettingsView.swift in Sources */,
				B9F3DE002B9A2C8400A21178 /* TimetableEvent.swift in Sources */,
				B942D8052B50182800A26DAD /* HomeView.swift in Sources */,
				B9E8861E2B46E242005ADADA /* SignUpView.swift in Sources */,
				B95B5F582B4C7CB0001A7070 /* APIService.swift in Sources */,
				B9E7E0C02B489F36006EE61B /* String.swift in Sources */,
				B9FBC76D2BC5B79A0000B9DC /* events.pb.swift in Sources */,
				B91841DA2BBDEEC6009FC33F /* AddCourseReviewSheetView.swift in Sources */,
				B99F37CA2B8CC4370060DE0C /* AppDelegate.swift in Sources */,
				B9442C4B2B7CF72E004DCF7D /* Transcript.swift in Sources */,
				B910B13B2B52772700A54EAB /* LoginView.swift in Sources */,
				B9F3DE462BBBC83F00A21178 /* reviews.pb.swift in Sources */,
				B91841E02BC05006009FC33F /* AlertToastManager.swift in Sources */,
				B9F3DE302BAB5F0B00A21178 /* CourseNotificationsView.swift in Sources */,
				B942D7F42B4EE04900A26DAD /* PortalAuth.swift in Sources */,
				B91B986D2B62893000608766 /* UserDefault.swift in Sources */,
				B9E7E0BE2B489301006EE61B /* SignUpViewModel.swift in Sources */,
				B9DB4FC12B66625C0050CB9E /* GRPCServiceManager.swift in Sources */,
				B942D7F22B4E820D00A26DAD /* ConfirmEmailView.swift in Sources */,
				B9F3DE392BB86E3900A21178 /* CourseReviewListsView.swift in Sources */,
				B942D7FB2B4FDAF900A26DAD /* AlertToast.swift in Sources */,
				B9F3DE2E2BAB0D7300A21178 /* EventsDayView.swift in Sources */,
				B9F3DE402BB965A600A21178 /* courses.pb.swift in Sources */,
				B91B986B2B6283DC00608766 /* Parser.swift in Sources */,
				B99763B22B56F7A800A439F1 /* UserManager.swift in Sources */,
				B9DD4BD32B5BF636009D3FB0 /* AuthUtils.swift in Sources */,
				B9F3DE322BAB5F9700A21178 /* CourseNotificationManager.swift in Sources */,
				B9442C492B7CF1FF004DCF7D /* TranscriptViewModel.swift in Sources */,
				B9F3DE3C2BB9641E00A21178 /* CourseReviewListViewModel.swift in Sources */,
				B9442C472B7CF1C7004DCF7D /* TranscriptView.swift in Sources */,
				B96F74EE2B98E3E5002CAF5E /* TimetableView.swift in Sources */,
				B95B5F472B4BD453001A7070 /* KeychainManager.swift in Sources */,
				B9442C432B7CE654004DCF7D /* AppRootManager.swift in Sources */,
				B971B74F2B66B05A00C4C72E /* main_service.pb.swift in Sources */,
				B971B7532B66B05A00C4C72E /* main_service.grpc.swift in Sources */,
				B9FBC7752BC6B8DC0000B9DC /* CampusEventDetailedView.swift in Sources */,
				B9F3DE352BAEFEEA00A21178 /* CourseEventProvider.swift in Sources */,
			);
			runOnlyForDeploymentPostprocessing = 0;
		};
		B9B0FAC52B2608B600B63C02 /* Sources */ = {
			isa = PBXSourcesBuildPhase;
			buildActionMask = 2147483647;
			files = (
				B9B0FACE2B2608B600B63C02 /* Mane_HKUTests.swift in Sources */,
			);
			runOnlyForDeploymentPostprocessing = 0;
		};
		B9B0FACF2B2608B600B63C02 /* Sources */ = {
			isa = PBXSourcesBuildPhase;
			buildActionMask = 2147483647;
			files = (
				B9B0FADA2B2608B600B63C02 /* Mane_HKUUITestsLaunchTests.swift in Sources */,
				B9B0FAD82B2608B600B63C02 /* Mane_HKUUITests.swift in Sources */,
			);
			runOnlyForDeploymentPostprocessing = 0;
		};
/* End PBXSourcesBuildPhase section */

/* Begin PBXTargetDependency section */
		B9B0FACB2B2608B600B63C02 /* PBXTargetDependency */ = {
			isa = PBXTargetDependency;
			target = B9B0FAB82B2608B500B63C02 /* Mane HKU */;
			targetProxy = B9B0FACA2B2608B600B63C02 /* PBXContainerItemProxy */;
		};
		B9B0FAD52B2608B600B63C02 /* PBXTargetDependency */ = {
			isa = PBXTargetDependency;
			target = B9B0FAB82B2608B500B63C02 /* Mane HKU */;
			targetProxy = B9B0FAD42B2608B600B63C02 /* PBXContainerItemProxy */;
		};
/* End PBXTargetDependency section */

/* Begin XCBuildConfiguration section */
		B9B0FADB2B2608B600B63C02 /* Debug */ = {
			isa = XCBuildConfiguration;
			buildSettings = {
				ALWAYS_SEARCH_USER_PATHS = NO;
				ASSETCATALOG_COMPILER_GENERATE_SWIFT_ASSET_SYMBOL_EXTENSIONS = YES;
				CLANG_ANALYZER_NONNULL = YES;
				CLANG_ANALYZER_NUMBER_OBJECT_CONVERSION = YES_AGGRESSIVE;
				CLANG_CXX_LANGUAGE_STANDARD = "gnu++20";
				CLANG_ENABLE_MODULES = YES;
				CLANG_ENABLE_OBJC_ARC = YES;
				CLANG_ENABLE_OBJC_WEAK = YES;
				CLANG_WARN_BLOCK_CAPTURE_AUTORELEASING = YES;
				CLANG_WARN_BOOL_CONVERSION = YES;
				CLANG_WARN_COMMA = YES;
				CLANG_WARN_CONSTANT_CONVERSION = YES;
				CLANG_WARN_DEPRECATED_OBJC_IMPLEMENTATIONS = YES;
				CLANG_WARN_DIRECT_OBJC_ISA_USAGE = YES_ERROR;
				CLANG_WARN_DOCUMENTATION_COMMENTS = YES;
				CLANG_WARN_EMPTY_BODY = YES;
				CLANG_WARN_ENUM_CONVERSION = YES;
				CLANG_WARN_INFINITE_RECURSION = YES;
				CLANG_WARN_INT_CONVERSION = YES;
				CLANG_WARN_NON_LITERAL_NULL_CONVERSION = YES;
				CLANG_WARN_OBJC_IMPLICIT_RETAIN_SELF = YES;
				CLANG_WARN_OBJC_LITERAL_CONVERSION = YES;
				CLANG_WARN_OBJC_ROOT_CLASS = YES_ERROR;
				CLANG_WARN_QUOTED_INCLUDE_IN_FRAMEWORK_HEADER = YES;
				CLANG_WARN_RANGE_LOOP_ANALYSIS = YES;
				CLANG_WARN_STRICT_PROTOTYPES = YES;
				CLANG_WARN_SUSPICIOUS_MOVE = YES;
				CLANG_WARN_UNGUARDED_AVAILABILITY = YES_AGGRESSIVE;
				CLANG_WARN_UNREACHABLE_CODE = YES;
				CLANG_WARN__DUPLICATE_METHOD_MATCH = YES;
				COPY_PHASE_STRIP = NO;
				DEBUG_INFORMATION_FORMAT = dwarf;
				ENABLE_STRICT_OBJC_MSGSEND = YES;
				ENABLE_TESTABILITY = YES;
				ENABLE_USER_SCRIPT_SANDBOXING = YES;
				GCC_C_LANGUAGE_STANDARD = gnu17;
				GCC_DYNAMIC_NO_PIC = NO;
				GCC_NO_COMMON_BLOCKS = YES;
				GCC_OPTIMIZATION_LEVEL = 0;
				GCC_PREPROCESSOR_DEFINITIONS = (
					"DEBUG=1",
					"$(inherited)",
				);
				GCC_WARN_64_TO_32_BIT_CONVERSION = YES;
				GCC_WARN_ABOUT_RETURN_TYPE = YES_ERROR;
				GCC_WARN_UNDECLARED_SELECTOR = YES;
				GCC_WARN_UNINITIALIZED_AUTOS = YES_AGGRESSIVE;
				GCC_WARN_UNUSED_FUNCTION = YES;
				GCC_WARN_UNUSED_VARIABLE = YES;
				IPHONEOS_DEPLOYMENT_TARGET = 17.0;
				LOCALIZATION_PREFERS_STRING_CATALOGS = YES;
				MTL_ENABLE_DEBUG_INFO = INCLUDE_SOURCE;
				MTL_FAST_MATH = YES;
				ONLY_ACTIVE_ARCH = YES;
				SDKROOT = iphoneos;
				SWIFT_ACTIVE_COMPILATION_CONDITIONS = "DEBUG $(inherited)";
				SWIFT_OPTIMIZATION_LEVEL = "-Onone";
			};
			name = Debug;
		};
		B9B0FADC2B2608B600B63C02 /* Release */ = {
			isa = XCBuildConfiguration;
			buildSettings = {
				ALWAYS_SEARCH_USER_PATHS = NO;
				ASSETCATALOG_COMPILER_GENERATE_SWIFT_ASSET_SYMBOL_EXTENSIONS = YES;
				CLANG_ANALYZER_NONNULL = YES;
				CLANG_ANALYZER_NUMBER_OBJECT_CONVERSION = YES_AGGRESSIVE;
				CLANG_CXX_LANGUAGE_STANDARD = "gnu++20";
				CLANG_ENABLE_MODULES = YES;
				CLANG_ENABLE_OBJC_ARC = YES;
				CLANG_ENABLE_OBJC_WEAK = YES;
				CLANG_WARN_BLOCK_CAPTURE_AUTORELEASING = YES;
				CLANG_WARN_BOOL_CONVERSION = YES;
				CLANG_WARN_COMMA = YES;
				CLANG_WARN_CONSTANT_CONVERSION = YES;
				CLANG_WARN_DEPRECATED_OBJC_IMPLEMENTATIONS = YES;
				CLANG_WARN_DIRECT_OBJC_ISA_USAGE = YES_ERROR;
				CLANG_WARN_DOCUMENTATION_COMMENTS = YES;
				CLANG_WARN_EMPTY_BODY = YES;
				CLANG_WARN_ENUM_CONVERSION = YES;
				CLANG_WARN_INFINITE_RECURSION = YES;
				CLANG_WARN_INT_CONVERSION = YES;
				CLANG_WARN_NON_LITERAL_NULL_CONVERSION = YES;
				CLANG_WARN_OBJC_IMPLICIT_RETAIN_SELF = YES;
				CLANG_WARN_OBJC_LITERAL_CONVERSION = YES;
				CLANG_WARN_OBJC_ROOT_CLASS = YES_ERROR;
				CLANG_WARN_QUOTED_INCLUDE_IN_FRAMEWORK_HEADER = YES;
				CLANG_WARN_RANGE_LOOP_ANALYSIS = YES;
				CLANG_WARN_STRICT_PROTOTYPES = YES;
				CLANG_WARN_SUSPICIOUS_MOVE = YES;
				CLANG_WARN_UNGUARDED_AVAILABILITY = YES_AGGRESSIVE;
				CLANG_WARN_UNREACHABLE_CODE = YES;
				CLANG_WARN__DUPLICATE_METHOD_MATCH = YES;
				COPY_PHASE_STRIP = NO;
				DEBUG_INFORMATION_FORMAT = "dwarf-with-dsym";
				ENABLE_NS_ASSERTIONS = NO;
				ENABLE_STRICT_OBJC_MSGSEND = YES;
				ENABLE_USER_SCRIPT_SANDBOXING = YES;
				GCC_C_LANGUAGE_STANDARD = gnu17;
				GCC_NO_COMMON_BLOCKS = YES;
				GCC_WARN_64_TO_32_BIT_CONVERSION = YES;
				GCC_WARN_ABOUT_RETURN_TYPE = YES_ERROR;
				GCC_WARN_UNDECLARED_SELECTOR = YES;
				GCC_WARN_UNINITIALIZED_AUTOS = YES_AGGRESSIVE;
				GCC_WARN_UNUSED_FUNCTION = YES;
				GCC_WARN_UNUSED_VARIABLE = YES;
				IPHONEOS_DEPLOYMENT_TARGET = 17.0;
				LOCALIZATION_PREFERS_STRING_CATALOGS = YES;
				MTL_ENABLE_DEBUG_INFO = NO;
				MTL_FAST_MATH = YES;
				SDKROOT = iphoneos;
				SWIFT_COMPILATION_MODE = wholemodule;
				VALIDATE_PRODUCT = YES;
			};
			name = Release;
		};
		B9B0FADE2B2608B600B63C02 /* Debug */ = {
			isa = XCBuildConfiguration;
			buildSettings = {
				ASSETCATALOG_COMPILER_APPICON_NAME = AppIcon;
				ASSETCATALOG_COMPILER_GLOBAL_ACCENT_COLOR_NAME = AccentColor;
				CODE_SIGN_STYLE = Automatic;
				CURRENT_PROJECT_VERSION = 1;
				DEVELOPMENT_ASSET_PATHS = "\"Mane HKU/Preview Content\"";
				DEVELOPMENT_TEAM = 3JQ3Q45R7F;
				ENABLE_PREVIEWS = YES;
				GENERATE_INFOPLIST_FILE = YES;
				INFOPLIST_KEY_LSApplicationCategoryType = "public.app-category.education";
				INFOPLIST_KEY_UIApplicationSceneManifest_Generation = YES;
				INFOPLIST_KEY_UIApplicationSupportsIndirectInputEvents = YES;
				INFOPLIST_KEY_UILaunchScreen_Generation = YES;
				INFOPLIST_KEY_UISupportedInterfaceOrientations_iPad = "UIInterfaceOrientationPortrait UIInterfaceOrientationPortraitUpsideDown UIInterfaceOrientationLandscapeLeft UIInterfaceOrientationLandscapeRight";
				INFOPLIST_KEY_UISupportedInterfaceOrientations_iPhone = "UIInterfaceOrientationPortrait UIInterfaceOrientationLandscapeLeft UIInterfaceOrientationLandscapeRight";
				LD_RUNPATH_SEARCH_PATHS = (
					"$(inherited)",
					"@executable_path/Frameworks",
				);
				MARKETING_VERSION = 1.0;
				PRODUCT_BUNDLE_IDENTIFIER = "dev.yaucp.Mane-HKU";
				PRODUCT_NAME = "$(TARGET_NAME)";
				SWIFT_EMIT_LOC_STRINGS = YES;
				SWIFT_VERSION = 5.0;
				TARGETED_DEVICE_FAMILY = "1,2";
			};
			name = Debug;
		};
		B9B0FADF2B2608B600B63C02 /* Release */ = {
			isa = XCBuildConfiguration;
			buildSettings = {
				ASSETCATALOG_COMPILER_APPICON_NAME = AppIcon;
				ASSETCATALOG_COMPILER_GLOBAL_ACCENT_COLOR_NAME = AccentColor;
				CODE_SIGN_STYLE = Automatic;
				CURRENT_PROJECT_VERSION = 1;
				DEVELOPMENT_ASSET_PATHS = "\"Mane HKU/Preview Content\"";
				DEVELOPMENT_TEAM = 864XSL2U7M;
				ENABLE_PREVIEWS = YES;
				GENERATE_INFOPLIST_FILE = YES;
				INFOPLIST_KEY_LSApplicationCategoryType = "public.app-category.education";
				INFOPLIST_KEY_UIApplicationSceneManifest_Generation = YES;
				INFOPLIST_KEY_UIApplicationSupportsIndirectInputEvents = YES;
				INFOPLIST_KEY_UILaunchScreen_Generation = YES;
				INFOPLIST_KEY_UISupportedInterfaceOrientations_iPad = "UIInterfaceOrientationPortrait UIInterfaceOrientationPortraitUpsideDown UIInterfaceOrientationLandscapeLeft UIInterfaceOrientationLandscapeRight";
				INFOPLIST_KEY_UISupportedInterfaceOrientations_iPhone = "UIInterfaceOrientationPortrait UIInterfaceOrientationLandscapeLeft UIInterfaceOrientationLandscapeRight";
				LD_RUNPATH_SEARCH_PATHS = (
					"$(inherited)",
					"@executable_path/Frameworks",
				);
				MARKETING_VERSION = 1.0;
				PRODUCT_BUNDLE_IDENTIFIER = "dev.yaucp.Mane-HKU";
				PRODUCT_NAME = "$(TARGET_NAME)";
				SWIFT_EMIT_LOC_STRINGS = YES;
				SWIFT_VERSION = 5.0;
				TARGETED_DEVICE_FAMILY = "1,2";
			};
			name = Release;
		};
		B9B0FAE12B2608B600B63C02 /* Debug */ = {
			isa = XCBuildConfiguration;
			buildSettings = {
				ALWAYS_EMBED_SWIFT_STANDARD_LIBRARIES = YES;
				BUNDLE_LOADER = "$(TEST_HOST)";
				CODE_SIGN_STYLE = Automatic;
				CURRENT_PROJECT_VERSION = 1;
				DEVELOPMENT_TEAM = 864XSL2U7M;
				GENERATE_INFOPLIST_FILE = YES;
				IPHONEOS_DEPLOYMENT_TARGET = 17.0;
				MARKETING_VERSION = 1.0;
				PRODUCT_BUNDLE_IDENTIFIER = "dev.yaucp.Mane-HKUTests";
				PRODUCT_NAME = "$(TARGET_NAME)";
				SWIFT_EMIT_LOC_STRINGS = NO;
				SWIFT_VERSION = 5.0;
				TARGETED_DEVICE_FAMILY = "1,2";
				TEST_HOST = "$(BUILT_PRODUCTS_DIR)/Mane HKU.app/$(BUNDLE_EXECUTABLE_FOLDER_PATH)/Mane HKU";
			};
			name = Debug;
		};
		B9B0FAE22B2608B600B63C02 /* Release */ = {
			isa = XCBuildConfiguration;
			buildSettings = {
				ALWAYS_EMBED_SWIFT_STANDARD_LIBRARIES = YES;
				BUNDLE_LOADER = "$(TEST_HOST)";
				CODE_SIGN_STYLE = Automatic;
				CURRENT_PROJECT_VERSION = 1;
				DEVELOPMENT_TEAM = 864XSL2U7M;
				GENERATE_INFOPLIST_FILE = YES;
				IPHONEOS_DEPLOYMENT_TARGET = 17.0;
				MARKETING_VERSION = 1.0;
				PRODUCT_BUNDLE_IDENTIFIER = "dev.yaucp.Mane-HKUTests";
				PRODUCT_NAME = "$(TARGET_NAME)";
				SWIFT_EMIT_LOC_STRINGS = NO;
				SWIFT_VERSION = 5.0;
				TARGETED_DEVICE_FAMILY = "1,2";
				TEST_HOST = "$(BUILT_PRODUCTS_DIR)/Mane HKU.app/$(BUNDLE_EXECUTABLE_FOLDER_PATH)/Mane HKU";
			};
			name = Release;
		};
		B9B0FAE42B2608B600B63C02 /* Debug */ = {
			isa = XCBuildConfiguration;
			buildSettings = {
				ALWAYS_EMBED_SWIFT_STANDARD_LIBRARIES = YES;
				CODE_SIGN_STYLE = Automatic;
				CURRENT_PROJECT_VERSION = 1;
				DEVELOPMENT_TEAM = 864XSL2U7M;
				GENERATE_INFOPLIST_FILE = YES;
				MARKETING_VERSION = 1.0;
				PRODUCT_BUNDLE_IDENTIFIER = "dev.yaucp.Mane-HKUUITests";
				PRODUCT_NAME = "$(TARGET_NAME)";
				SWIFT_EMIT_LOC_STRINGS = NO;
				SWIFT_VERSION = 5.0;
				TARGETED_DEVICE_FAMILY = "1,2";
				TEST_TARGET_NAME = "Mane HKU";
			};
			name = Debug;
		};
		B9B0FAE52B2608B600B63C02 /* Release */ = {
			isa = XCBuildConfiguration;
			buildSettings = {
				ALWAYS_EMBED_SWIFT_STANDARD_LIBRARIES = YES;
				CODE_SIGN_STYLE = Automatic;
				CURRENT_PROJECT_VERSION = 1;
				DEVELOPMENT_TEAM = 864XSL2U7M;
				GENERATE_INFOPLIST_FILE = YES;
				MARKETING_VERSION = 1.0;
				PRODUCT_BUNDLE_IDENTIFIER = "dev.yaucp.Mane-HKUUITests";
				PRODUCT_NAME = "$(TARGET_NAME)";
				SWIFT_EMIT_LOC_STRINGS = NO;
				SWIFT_VERSION = 5.0;
				TARGETED_DEVICE_FAMILY = "1,2";
				TEST_TARGET_NAME = "Mane HKU";
			};
			name = Release;
		};
/* End XCBuildConfiguration section */

/* Begin XCConfigurationList section */
		B9B0FAB42B2608B500B63C02 /* Build configuration list for PBXProject "Mane HKU" */ = {
			isa = XCConfigurationList;
			buildConfigurations = (
				B9B0FADB2B2608B600B63C02 /* Debug */,
				B9B0FADC2B2608B600B63C02 /* Release */,
			);
			defaultConfigurationIsVisible = 0;
			defaultConfigurationName = Release;
		};
		B9B0FADD2B2608B600B63C02 /* Build configuration list for PBXNativeTarget "Mane HKU" */ = {
			isa = XCConfigurationList;
			buildConfigurations = (
				B9B0FADE2B2608B600B63C02 /* Debug */,
				B9B0FADF2B2608B600B63C02 /* Release */,
			);
			defaultConfigurationIsVisible = 0;
			defaultConfigurationName = Release;
		};
		B9B0FAE02B2608B600B63C02 /* Build configuration list for PBXNativeTarget "Mane HKUTests" */ = {
			isa = XCConfigurationList;
			buildConfigurations = (
				B9B0FAE12B2608B600B63C02 /* Debug */,
				B9B0FAE22B2608B600B63C02 /* Release */,
			);
			defaultConfigurationIsVisible = 0;
			defaultConfigurationName = Release;
		};
		B9B0FAE32B2608B600B63C02 /* Build configuration list for PBXNativeTarget "Mane HKUUITests" */ = {
			isa = XCConfigurationList;
			buildConfigurations = (
				B9B0FAE42B2608B600B63C02 /* Debug */,
				B9B0FAE52B2608B600B63C02 /* Release */,
			);
			defaultConfigurationIsVisible = 0;
			defaultConfigurationName = Release;
		};
/* End XCConfigurationList section */

/* Begin XCRemoteSwiftPackageReference section */
		B91841D62BBC7888009FC33F /* XCRemoteSwiftPackageReference "ExpandableText" */ = {
			isa = XCRemoteSwiftPackageReference;
			repositoryURL = "https://github.com/n3d1117/ExpandableText";
			requirement = {
				branch = main;
				kind = branch;
			};
		};
		B91841EC2BC3D75E009FC33F /* XCRemoteSwiftPackageReference "rich-editor-swiftui" */ = {
			isa = XCRemoteSwiftPackageReference;
			repositoryURL = "https://github.com/canopas/rich-editor-swiftui";
			requirement = {
				branch = main;
				kind = branch;
			};
		};
		B942D7EE2B4E658F00A26DAD /* XCRemoteSwiftPackageReference "SwiftSoup" */ = {
			isa = XCRemoteSwiftPackageReference;
			repositoryURL = "https://github.com/scinfu/SwiftSoup";
			requirement = {
				kind = upToNextMajorVersion;
				minimumVersion = 2.7.0;
			};
		};
		B942D7FF2B4FE8A600A26DAD /* XCRemoteSwiftPackageReference "AlertToast" */ = {
			isa = XCRemoteSwiftPackageReference;
			repositoryURL = "https://github.com/elai950/AlertToast";
			requirement = {
				kind = upToNextMajorVersion;
				minimumVersion = 1.3.9;
			};
		};
		B95B5F482B4BD56B001A7070 /* XCRemoteSwiftPackageReference "KeychainAccess" */ = {
			isa = XCRemoteSwiftPackageReference;
			repositoryURL = "https://github.com/kishikawakatsumi/KeychainAccess";
			requirement = {
				kind = upToNextMajorVersion;
				minimumVersion = 4.2.2;
			};
		};
		B95B5F512B4C7959001A7070 /* XCRemoteSwiftPackageReference "Alamofire" */ = {
			isa = XCRemoteSwiftPackageReference;
			repositoryURL = "https://github.com/Alamofire/Alamofire";
			requirement = {
				kind = upToNextMajorVersion;
				minimumVersion = 5.8.1;
			};
		};
		B9B0FAE62B2626F300B63C02 /* XCRemoteSwiftPackageReference "grpc-swift" */ = {
			isa = XCRemoteSwiftPackageReference;
			repositoryURL = "https://github.com/grpc/grpc-swift";
			requirement = {
				kind = upToNextMajorVersion;
				minimumVersion = 1.20.0;
			};
		};
		B9B0FAEF2B26275B00B63C02 /* XCRemoteSwiftPackageReference "supabase-swift" */ = {
			isa = XCRemoteSwiftPackageReference;
			repositoryURL = "https://github.com/supabase-community/supabase-swift";
			requirement = {
				kind = upToNextMajorVersion;
				minimumVersion = 2.1.0;
			};
		};
		B9F3DE272BAA18FD00A21178 /* XCRemoteSwiftPackageReference "CalendarView" */ = {
			isa = XCRemoteSwiftPackageReference;
			repositoryURL = "https://github.com/Mijick/CalendarView";
			requirement = {
				kind = upToNextMajorVersion;
				minimumVersion = 1.0.0;
			};
		};
		B9FF5DE42B3DDC9800A6B17C /* XCRemoteSwiftPackageReference "SwiftLint" */ = {
			isa = XCRemoteSwiftPackageReference;
			repositoryURL = "https://github.com/realm/SwiftLint.git";
			requirement = {
				kind = upToNextMajorVersion;
				minimumVersion = 0.54.0;
			};
		};
/* End XCRemoteSwiftPackageReference section */

/* Begin XCSwiftPackageProductDependency section */
		B91841D72BBC7888009FC33F /* ExpandableText */ = {
			isa = XCSwiftPackageProductDependency;
			package = B91841D62BBC7888009FC33F /* XCRemoteSwiftPackageReference "ExpandableText" */;
			productName = ExpandableText;
		};
		B91841ED2BC3D75E009FC33F /* RichEditorSwiftUI */ = {
			isa = XCSwiftPackageProductDependency;
			package = B91841EC2BC3D75E009FC33F /* XCRemoteSwiftPackageReference "rich-editor-swiftui" */;
			productName = RichEditorSwiftUI;
		};
		B942D7EF2B4E658F00A26DAD /* SwiftSoup */ = {
			isa = XCSwiftPackageProductDependency;
			package = B942D7EE2B4E658F00A26DAD /* XCRemoteSwiftPackageReference "SwiftSoup" */;
			productName = SwiftSoup;
		};
		B942D8002B4FE8A600A26DAD /* AlertToast */ = {
			isa = XCSwiftPackageProductDependency;
			package = B942D7FF2B4FE8A600A26DAD /* XCRemoteSwiftPackageReference "AlertToast" */;
			productName = AlertToast;
		};
		B95B5F492B4BD56B001A7070 /* KeychainAccess */ = {
			isa = XCSwiftPackageProductDependency;
			package = B95B5F482B4BD56B001A7070 /* XCRemoteSwiftPackageReference "KeychainAccess" */;
			productName = KeychainAccess;
		};
		B95B5F522B4C795A001A7070 /* Alamofire */ = {
			isa = XCSwiftPackageProductDependency;
			package = B95B5F512B4C7959001A7070 /* XCRemoteSwiftPackageReference "Alamofire" */;
			productName = Alamofire;
		};
		B98692152B3C8B1400F0D491 /* Auth */ = {
			isa = XCSwiftPackageProductDependency;
			package = B9B0FAEF2B26275B00B63C02 /* XCRemoteSwiftPackageReference "supabase-swift" */;
			productName = Auth;
		};
		B9B0FAE72B2626F300B63C02 /* CGRPCZlib */ = {
			isa = XCSwiftPackageProductDependency;
			package = B9B0FAE62B2626F300B63C02 /* XCRemoteSwiftPackageReference "grpc-swift" */;
			productName = CGRPCZlib;
		};
		B9B0FAE92B2626F300B63C02 /* GRPC */ = {
			isa = XCSwiftPackageProductDependency;
			package = B9B0FAE62B2626F300B63C02 /* XCRemoteSwiftPackageReference "grpc-swift" */;
			productName = GRPC;
		};
		B9B0FAEB2B2626F300B63C02 /* _GRPCCore */ = {
			isa = XCSwiftPackageProductDependency;
			package = B9B0FAE62B2626F300B63C02 /* XCRemoteSwiftPackageReference "grpc-swift" */;
			productName = _GRPCCore;
		};
		B9B0FAED2B2626F300B63C02 /* protoc-gen-grpc-swift */ = {
			isa = XCSwiftPackageProductDependency;
			package = B9B0FAE62B2626F300B63C02 /* XCRemoteSwiftPackageReference "grpc-swift" */;
			productName = "protoc-gen-grpc-swift";
		};
		B9B0FAF22B26275B00B63C02 /* PostgREST */ = {
			isa = XCSwiftPackageProductDependency;
			package = B9B0FAEF2B26275B00B63C02 /* XCRemoteSwiftPackageReference "supabase-swift" */;
			productName = PostgREST;
		};
		B9B0FAF42B26275B00B63C02 /* Realtime */ = {
			isa = XCSwiftPackageProductDependency;
			package = B9B0FAEF2B26275B00B63C02 /* XCRemoteSwiftPackageReference "supabase-swift" */;
			productName = Realtime;
		};
		B9B0FAF62B26275B00B63C02 /* Storage */ = {
			isa = XCSwiftPackageProductDependency;
			package = B9B0FAEF2B26275B00B63C02 /* XCRemoteSwiftPackageReference "supabase-swift" */;
			productName = Storage;
		};
		B9B0FAF92B26296A00B63C02 /* Supabase */ = {
			isa = XCSwiftPackageProductDependency;
			package = B9B0FAEF2B26275B00B63C02 /* XCRemoteSwiftPackageReference "supabase-swift" */;
			productName = Supabase;
		};
		B9F3DE282BAA18FD00A21178 /* MijickCalendarView */ = {
			isa = XCSwiftPackageProductDependency;
			package = B9F3DE272BAA18FD00A21178 /* XCRemoteSwiftPackageReference "CalendarView" */;
			productName = MijickCalendarView;
		};
/* End XCSwiftPackageProductDependency section */
	};
	rootObject = B9B0FAB12B2608B500B63C02 /* Project object */;
}
